
Microsoft Visual Studio Solution File, Format Version 12.00
# Visual Studio Version 16
VisualStudioVersion = 16.0.32126.315
MinimumVisualStudioVersion = 10.0.40219.1
Project("{9A19103F-16F7-4668-BE54-9A1E7A4F7556}") = "TestAPP", "TestAPP\TestAPP\TestAPP.csproj", "{CF7EF81E-24B6-447D-A4B1-E7F7A7E014C5}"
EndProject
Project("{FAE04EC0-301F-11D3-BF4B-00C04F79EFBC}") = "TestAPP.Android", "TestAPP\TestAPP.Android\TestAPP.Android.csproj", "{96941FC5-3E2D-4A8D-85C9-F8E0901C37C3}"
EndProject
Global
	GlobalSection(SolutionConfigurationPlatforms) = preSolution
		Debug|Any CPU = Debug|Any CPU
		Release|Any CPU = Release|Any CPU
	EndGlobalSection
	GlobalSection(ProjectConfigurationPlatforms) = postSolution
		{CF7EF81E-24B6-447D-A4B1-E7F7A7E014C5}.Debug|Any CPU.ActiveCfg = Debug|Any CPU
		{CF7EF81E-24B6-447D-A4B1-E7F7A7E014C5}.Debug|Any CPU.Build.0 = Debug|Any CPU
		{CF7EF81E-24B6-447D-A4B1-E7F7A7E014C5}.Debug|Any CPU.Deploy.0 = Debug|Any CPU
		{CF7EF81E-24B6-447D-A4B1-E7F7A7E014C5}.Release|Any CPU.ActiveCfg = Release|Any CPU
		{CF7EF81E-24B6-447D-A4B1-E7F7A7E014C5}.Release|Any CPU.Build.0 = Release|Any CPU
		{CF7EF81E-24B6-447D-A4B1-E7F7A7E014C5}.Release|Any CPU.Deploy.0 = Release|Any CPU
		{96941FC5-3E2D-4A8D-85C9-F8E0901C37C3}.Debug|Any CPU.ActiveCfg = Debug|Any CPU
		{96941FC5-3E2D-4A8D-85C9-F8E0901C37C3}.Debug|Any CPU.Build.0 = Debug|Any CPU
		{96941FC5-3E2D-4A8D-85C9-F8E0901C37C3}.Debug|Any CPU.Deploy.0 = Debug|Any CPU
		{96941FC5-3E2D-4A8D-85C9-F8E0901C37C3}.Release|Any CPU.ActiveCfg = Release|Any CPU
		{96941FC5-3E2D-4A8D-85C9-F8E0901C37C3}.Release|Any CPU.Build.0 = Release|Any CPU
		{96941FC5-3E2D-4A8D-85C9-F8E0901C37C3}.Release|Any CPU.Deploy.0 = Release|Any CPU
	EndGlobalSection
	GlobalSection(SolutionProperties) = preSolution
		HideSolutionNode = FALSE
	EndGlobalSection
	GlobalSection(ExtensibilityGlobals) = postSolution
		SolutionGuid = {F619411E-A022-4226-8C1C-FCE87DFD096C}
	EndGlobalSection
EndGlobal
